
Microsoft Visual Studio Solution File, Format Version 12.00
# Visual Studio Version 17
VisualStudioVersion = 17.11.35303.130
MinimumVisualStudioVersion = 10.0.40219.1
Project("{FAE04EC0-301F-11D3-BF4B-00C04F79EFBC}") = "ÚkolČ4Malování", "ÚkolČ4Malování\ÚkolČ4Malování.csproj", "{E2FCE26C-D564-4E72-B555-2E4D602BCB0E}"
EndProject
Global
	GlobalSection(SolutionConfigurationPlatforms) = preSolution
		Debug|Any CPU = Debug|Any CPU
		Release|Any CPU = Release|Any CPU
	EndGlobalSection
	GlobalSection(ProjectConfigurationPlatforms) = postSolution
		{E2FCE26C-D564-4E72-B555-2E4D602BCB0E}.Debug|Any CPU.ActiveCfg = Debug|Any CPU
		{E2FCE26C-D564-4E72-B555-2E4D602BCB0E}.Debug|Any CPU.Build.0 = Debug|Any CPU
		{E2FCE26C-D564-4E72-B555-2E4D602BCB0E}.Release|Any CPU.ActiveCfg = Release|Any CPU
		{E2FCE26C-D564-4E72-B555-2E4D602BCB0E}.Release|Any CPU.Build.0 = Release|Any CPU
	EndGlobalSection
	GlobalSection(SolutionProperties) = preSolution
		HideSolutionNode = FALSE
	EndGlobalSection
	GlobalSection(ExtensibilityGlobals) = postSolution
		SolutionGuid = {265B9640-D8C0-45CE-8B59-0EE70905B73B}
	EndGlobalSection
EndGlobal
